// !$*UTF8*$!
{
	archiveVersion = 1;
	classes = {
	};
	objectVersion = 46;
	objects = {

/* Begin PBXBuildFile section */
		7140F0831E2130960079FD5C /* CollectionViewCell.swift in Sources */ = {isa = PBXBuildFile; fileRef = 7140F0821E2130960079FD5C /* CollectionViewCell.swift */; };
		7149562A1E2087AF0085EF34 /* Constants.swift in Sources */ = {isa = PBXBuildFile; fileRef = 714956291E2087AF0085EF34 /* Constants.swift */; };
		71B075041E206F4500F192A5 /* AppDelegate.swift in Sources */ = {isa = PBXBuildFile; fileRef = 71B075031E206F4500F192A5 /* AppDelegate.swift */; };
		71B075061E206F4500F192A5 /* CollectionViewController.swift in Sources */ = {isa = PBXBuildFile; fileRef = 71B075051E206F4500F192A5 /* CollectionViewController.swift */; };
		71B075091E206F4500F192A5 /* Main.storyboard in Resources */ = {isa = PBXBuildFile; fileRef = 71B075071E206F4500F192A5 /* Main.storyboard */; };
		71B0750C1E206F4500F192A5 /* hopscotchProject.xcdatamodeld in Sources */ = {isa = PBXBuildFile; fileRef = 71B0750A1E206F4500F192A5 /* hopscotchProject.xcdatamodeld */; };
		71B0750E1E206F4500F192A5 /* Assets.xcassets in Resources */ = {isa = PBXBuildFile; fileRef = 71B0750D1E206F4500F192A5 /* Assets.xcassets */; };
		71B075111E206F4500F192A5 /* LaunchScreen.storyboard in Resources */ = {isa = PBXBuildFile; fileRef = 71B0750F1E206F4500F192A5 /* LaunchScreen.storyboard */; };
		71B075191E206FC600F192A5 /* APIClient.swift in Sources */ = {isa = PBXBuildFile; fileRef = 71B075181E206FC600F192A5 /* APIClient.swift */; };
		71B0751B1E206FD300F192A5 /* DataStore.swift in Sources */ = {isa = PBXBuildFile; fileRef = 71B0751A1E206FD300F192A5 /* DataStore.swift */; };
		71B0751D1E206FDE00F192A5 /* Project.swift in Sources */ = {isa = PBXBuildFile; fileRef = 71B0751C1E206FDE00F192A5 /* Project.swift */; };
		71D2F9981E22EEED00EE97DA /* hopscotchProjectTests.swift in Sources */ = {isa = PBXBuildFile; fileRef = 71D2F9971E22EEED00EE97DA /* hopscotchProjectTests.swift */; };
		8A7C68411F819730D34855C8 /* Pods_hopscotchProject.framework in Frameworks */ = {isa = PBXBuildFile; fileRef = 6810CED4B2D3593C3A8614D2 /* Pods_hopscotchProject.framework */; };
/* End PBXBuildFile section */

/* Begin PBXContainerItemProxy section */
		71D2F99A1E22EEED00EE97DA /* PBXContainerItemProxy */ = {
			isa = PBXContainerItemProxy;
			containerPortal = 71B074F81E206F4500F192A5 /* Project object */;
			proxyType = 1;
			remoteGlobalIDString = 71B074FF1E206F4500F192A5;
			remoteInfo = hopscotchProject;
		};
/* End PBXContainerItemProxy section */

/* Begin PBXFileReference section */
		6810CED4B2D3593C3A8614D2 /* Pods_hopscotchProject.framework */ = {isa = PBXFileReference; explicitFileType = wrapper.framework; includeInIndex = 0; path = Pods_hopscotchProject.framework; sourceTree = BUILT_PRODUCTS_DIR; };
		7140F0821E2130960079FD5C /* CollectionViewCell.swift */ = {isa = PBXFileReference; fileEncoding = 4; lastKnownFileType = sourcecode.swift; path = CollectionViewCell.swift; sourceTree = "<group>"; };
		714956291E2087AF0085EF34 /* Constants.swift */ = {isa = PBXFileReference; fileEncoding = 4; lastKnownFileType = sourcecode.swift; path = Constants.swift; sourceTree = "<group>"; };
		71B075001E206F4500F192A5 /* hopscotchProject.app */ = {isa = PBXFileReference; explicitFileType = wrapper.application; includeInIndex = 0; path = hopscotchProject.app; sourceTree = BUILT_PRODUCTS_DIR; };
		71B075031E206F4500F192A5 /* AppDelegate.swift */ = {isa = PBXFileReference; lastKnownFileType = sourcecode.swift; path = AppDelegate.swift; sourceTree = "<group>"; };
		71B075051E206F4500F192A5 /* CollectionViewController.swift */ = {isa = PBXFileReference; lastKnownFileType = sourcecode.swift; path = CollectionViewController.swift; sourceTree = "<group>"; };
		71B075081E206F4500F192A5 /* Base */ = {isa = PBXFileReference; lastKnownFileType = file.storyboard; name = Base; path = Base.lproj/Main.storyboard; sourceTree = "<group>"; };
		71B0750B1E206F4500F192A5 /* hopscotchProject.xcdatamodel */ = {isa = PBXFileReference; lastKnownFileType = wrapper.xcdatamodel; path = hopscotchProject.xcdatamodel; sourceTree = "<group>"; };
		71B0750D1E206F4500F192A5 /* Assets.xcassets */ = {isa = PBXFileReference; lastKnownFileType = folder.assetcatalog; path = Assets.xcassets; sourceTree = "<group>"; };
		71B075101E206F4500F192A5 /* Base */ = {isa = PBXFileReference; lastKnownFileType = file.storyboard; name = Base; path = Base.lproj/LaunchScreen.storyboard; sourceTree = "<group>"; };
		71B075121E206F4500F192A5 /* Info.plist */ = {isa = PBXFileReference; lastKnownFileType = text.plist.xml; path = Info.plist; sourceTree = "<group>"; };
		71B075181E206FC600F192A5 /* APIClient.swift */ = {isa = PBXFileReference; fileEncoding = 4; lastKnownFileType = sourcecode.swift; path = APIClient.swift; sourceTree = "<group>"; };
		71B0751A1E206FD300F192A5 /* DataStore.swift */ = {isa = PBXFileReference; fileEncoding = 4; lastKnownFileType = sourcecode.swift; path = DataStore.swift; sourceTree = "<group>"; };
		71B0751C1E206FDE00F192A5 /* Project.swift */ = {isa = PBXFileReference; fileEncoding = 4; lastKnownFileType = sourcecode.swift; path = Project.swift; sourceTree = "<group>"; };
		71D2F9951E22EEED00EE97DA /* hopscotchProjectTests.xctest */ = {isa = PBXFileReference; explicitFileType = wrapper.cfbundle; includeInIndex = 0; path = hopscotchProjectTests.xctest; sourceTree = BUILT_PRODUCTS_DIR; };
		71D2F9971E22EEED00EE97DA /* hopscotchProjectTests.swift */ = {isa = PBXFileReference; lastKnownFileType = sourcecode.swift; path = hopscotchProjectTests.swift; sourceTree = "<group>"; };
		71D2F9991E22EEED00EE97DA /* Info.plist */ = {isa = PBXFileReference; lastKnownFileType = text.plist.xml; path = Info.plist; sourceTree = "<group>"; };
		B4B110770A770FA84CE8775A /* Pods-hopscotchProject.debug.xcconfig */ = {isa = PBXFileReference; includeInIndex = 1; lastKnownFileType = text.xcconfig; name = "Pods-hopscotchProject.debug.xcconfig"; path = "Pods/Target Support Files/Pods-hopscotchProject/Pods-hopscotchProject.debug.xcconfig"; sourceTree = "<group>"; };
		B5AD9CD1A5048C96F637B85A /* Pods-hopscotchProject.release.xcconfig */ = {isa = PBXFileReference; includeInIndex = 1; lastKnownFileType = text.xcconfig; name = "Pods-hopscotchProject.release.xcconfig"; path = "Pods/Target Support Files/Pods-hopscotchProject/Pods-hopscotchProject.release.xcconfig"; sourceTree = "<group>"; };
/* End PBXFileReference section */

/* Begin PBXFrameworksBuildPhase section */
		71B074FD1E206F4500F192A5 /* Frameworks */ = {
			isa = PBXFrameworksBuildPhase;
			buildActionMask = 2147483647;
			files = (
				8A7C68411F819730D34855C8 /* Pods_hopscotchProject.framework in Frameworks */,
			);
			runOnlyForDeploymentPostprocessing = 0;
		};
		71D2F9921E22EEED00EE97DA /* Frameworks */ = {
			isa = PBXFrameworksBuildPhase;
			buildActionMask = 2147483647;
			files = (
			);
			runOnlyForDeploymentPostprocessing = 0;
		};
/* End PBXFrameworksBuildPhase section */

/* Begin PBXGroup section */
		0337E03A84C65F038513FF2D /* Pods */ = {
			isa = PBXGroup;
			children = (
				B4B110770A770FA84CE8775A /* Pods-hopscotchProject.debug.xcconfig */,
				B5AD9CD1A5048C96F637B85A /* Pods-hopscotchProject.release.xcconfig */,
			);
			name = Pods;
			sourceTree = "<group>";
		};
		71B074F71E206F4500F192A5 = {
			isa = PBXGroup;
			children = (
				71B075021E206F4500F192A5 /* hopscotchProject */,
				71D2F9961E22EEED00EE97DA /* hopscotchProjectTests */,
				71B075011E206F4500F192A5 /* Products */,
				0337E03A84C65F038513FF2D /* Pods */,
				E7FC8DE596B11F3E8E677517 /* Frameworks */,
			);
			sourceTree = "<group>";
		};
		71B075011E206F4500F192A5 /* Products */ = {
			isa = PBXGroup;
			children = (
				71B075001E206F4500F192A5 /* hopscotchProject.app */,
				71D2F9951E22EEED00EE97DA /* hopscotchProjectTests.xctest */,
			);
			name = Products;
			sourceTree = "<group>";
		};
		71B075021E206F4500F192A5 /* hopscotchProject */ = {
			isa = PBXGroup;
			children = (
				71B075181E206FC600F192A5 /* APIClient.swift */,
				71B0751A1E206FD300F192A5 /* DataStore.swift */,
				71B0751C1E206FDE00F192A5 /* Project.swift */,
				71B075051E206F4500F192A5 /* CollectionViewController.swift */,
				7140F0821E2130960079FD5C /* CollectionViewCell.swift */,
				714956291E2087AF0085EF34 /* Constants.swift */,
				71B075031E206F4500F192A5 /* AppDelegate.swift */,
				71B075071E206F4500F192A5 /* Main.storyboard */,
				71B0750D1E206F4500F192A5 /* Assets.xcassets */,
				71B0750F1E206F4500F192A5 /* LaunchScreen.storyboard */,
				71B075121E206F4500F192A5 /* Info.plist */,
				71B0750A1E206F4500F192A5 /* hopscotchProject.xcdatamodeld */,
			);
			path = hopscotchProject;
			sourceTree = "<group>";
		};
		71D2F9961E22EEED00EE97DA /* hopscotchProjectTests */ = {
			isa = PBXGroup;
			children = (
				71D2F9971E22EEED00EE97DA /* hopscotchProjectTests.swift */,
				71D2F9991E22EEED00EE97DA /* Info.plist */,
			);
			path = hopscotchProjectTests;
			sourceTree = "<group>";
		};
		E7FC8DE596B11F3E8E677517 /* Frameworks */ = {
			isa = PBXGroup;
			children = (
				6810CED4B2D3593C3A8614D2 /* Pods_hopscotchProject.framework */,
			);
			name = Frameworks;
			sourceTree = "<group>";
		};
/* End PBXGroup section */

/* Begin PBXNativeTarget section */
		71B074FF1E206F4500F192A5 /* hopscotchProject */ = {
			isa = PBXNativeTarget;
			buildConfigurationList = 71B075151E206F4500F192A5 /* Build configuration list for PBXNativeTarget "hopscotchProject" */;
			buildPhases = (
				856C002924E18389C3A10660 /* [CP] Check Pods Manifest.lock */,
				71B074FC1E206F4500F192A5 /* Sources */,
				71B074FD1E206F4500F192A5 /* Frameworks */,
				71B074FE1E206F4500F192A5 /* Resources */,
				327B63B601DC9229843CF1E0 /* [CP] Embed Pods Frameworks */,
				CCCF53BE22465E2E4789B46D /* [CP] Copy Pods Resources */,
			);
			buildRules = (
			);
			dependencies = (
			);
			name = hopscotchProject;
			productName = hopscotchProject;
			productReference = 71B075001E206F4500F192A5 /* hopscotchProject.app */;
			productType = "com.apple.product-type.application";
		};
		71D2F9941E22EEED00EE97DA /* hopscotchProjectTests */ = {
			isa = PBXNativeTarget;
			buildConfigurationList = 71D2F99E1E22EEED00EE97DA /* Build configuration list for PBXNativeTarget "hopscotchProjectTests" */;
			buildPhases = (
				71D2F9911E22EEED00EE97DA /* Sources */,
				71D2F9921E22EEED00EE97DA /* Frameworks */,
				71D2F9931E22EEED00EE97DA /* Resources */,
			);
			buildRules = (
			);
			dependencies = (
				71D2F99B1E22EEED00EE97DA /* PBXTargetDependency */,
			);
			name = hopscotchProjectTests;
			productName = hopscotchProjectTests;
			productReference = 71D2F9951E22EEED00EE97DA /* hopscotchProjectTests.xctest */;
			productType = "com.apple.product-type.bundle.unit-test";
		};
/* End PBXNativeTarget section */

/* Begin PBXProject section */
		71B074F81E206F4500F192A5 /* Project object */ = {
			isa = PBXProject;
			attributes = {
				LastSwiftUpdateCheck = 0820;
				LastUpgradeCheck = 0820;
				ORGANIZATIONNAME = "Jacqueline Schweiger";
				TargetAttributes = {
					71B074FF1E206F4500F192A5 = {
						CreatedOnToolsVersion = 8.2.1;
						ProvisioningStyle = Automatic;
					};
					71D2F9941E22EEED00EE97DA = {
						CreatedOnToolsVersion = 8.2.1;
						ProvisioningStyle = Automatic;
						TestTargetID = 71B074FF1E206F4500F192A5;
					};
				};
			};
			buildConfigurationList = 71B074FB1E206F4500F192A5 /* Build configuration list for PBXProject "hopscotchProject" */;
			compatibilityVersion = "Xcode 3.2";
			developmentRegion = English;
			hasScannedForEncodings = 0;
			knownRegions = (
				en,
				Base,
			);
			mainGroup = 71B074F71E206F4500F192A5;
			productRefGroup = 71B075011E206F4500F192A5 /* Products */;
			projectDirPath = "";
			projectRoot = "";
			targets = (
				71B074FF1E206F4500F192A5 /* hopscotchProject */,
				71D2F9941E22EEED00EE97DA /* hopscotchProjectTests */,
			);
		};
/* End PBXProject section */

/* Begin PBXResourcesBuildPhase section */
		71B074FE1E206F4500F192A5 /* Resources */ = {
			isa = PBXResourcesBuildPhase;
			buildActionMask = 2147483647;
			files = (
				71B075111E206F4500F192A5 /* LaunchScreen.storyboard in Resources */,
				71B0750E1E206F4500F192A5 /* Assets.xcassets in Resources */,
				71B075091E206F4500F192A5 /* Main.storyboard in Resources */,
			);
			runOnlyForDeploymentPostprocessing = 0;
		};
		71D2F9931E22EEED00EE97DA /* Resources */ = {
			isa = PBXResourcesBuildPhase;
			buildActionMask = 2147483647;
			files = (
			);
			runOnlyForDeploymentPostprocessing = 0;
		};
/* End PBXResourcesBuildPhase section */

/* Begin PBXShellScriptBuildPhase section */
		327B63B601DC9229843CF1E0 /* [CP] Embed Pods Frameworks */ = {
			isa = PBXShellScriptBuildPhase;
			buildActionMask = 2147483647;
			files = (
			);
			inputPaths = (
			);
			name = "[CP] Embed Pods Frameworks";
			outputPaths = (
			);
			runOnlyForDeploymentPostprocessing = 0;
			shellPath = /bin/sh;
			shellScript = "\"${SRCROOT}/Pods/Target Support Files/Pods-hopscotchProject/Pods-hopscotchProject-frameworks.sh\"\n";
			showEnvVarsInLog = 0;
		};
		856C002924E18389C3A10660 /* [CP] Check Pods Manifest.lock */ = {
			isa = PBXShellScriptBuildPhase;
			buildActionMask = 2147483647;
			files = (
			);
			inputPaths = (
			);
			name = "[CP] Check Pods Manifest.lock";
			outputPaths = (
			);
			runOnlyForDeploymentPostprocessing = 0;
			shellPath = /bin/sh;
			shellScript = "diff \"${PODS_ROOT}/../Podfile.lock\" \"${PODS_ROOT}/Manifest.lock\" > /dev/null\nif [ $? != 0 ] ; then\n    # print error to STDERR\n    echo \"error: The sandbox is not in sync with the Podfile.lock. Run 'pod install' or update your CocoaPods installation.\" >&2\n    exit 1\nfi\n";
			showEnvVarsInLog = 0;
		};
		CCCF53BE22465E2E4789B46D /* [CP] Copy Pods Resources */ = {
			isa = PBXShellScriptBuildPhase;
			buildActionMask = 2147483647;
			files = (
			);
			inputPaths = (
			);
			name = "[CP] Copy Pods Resources";
			outputPaths = (
			);
			runOnlyForDeploymentPostprocessing = 0;
			shellPath = /bin/sh;
			shellScript = "\"${SRCROOT}/Pods/Target Support Files/Pods-hopscotchProject/Pods-hopscotchProject-resources.sh\"\n";
			showEnvVarsInLog = 0;
		};
/* End PBXShellScriptBuildPhase section */

/* Begin PBXSourcesBuildPhase section */
		71B074FC1E206F4500F192A5 /* Sources */ = {
			isa = PBXSourcesBuildPhase;
			buildActionMask = 2147483647;
			files = (
				71B075061E206F4500F192A5 /* CollectionViewController.swift in Sources */,
				71B075041E206F4500F192A5 /* AppDelegate.swift in Sources */,
				7140F0831E2130960079FD5C /* CollectionViewCell.swift in Sources */,
				71B0750C1E206F4500F192A5 /* hopscotchProject.xcdatamodeld in Sources */,
				71B0751B1E206FD300F192A5 /* DataStore.swift in Sources */,
				7149562A1E2087AF0085EF34 /* Constants.swift in Sources */,
				71B075191E206FC600F192A5 /* APIClient.swift in Sources */,
				71B0751D1E206FDE00F192A5 /* Project.swift in Sources */,
			);
			runOnlyForDeploymentPostprocessing = 0;
		};
		71D2F9911E22EEED00EE97DA /* Sources */ = {
			isa = PBXSourcesBuildPhase;
			buildActionMask = 2147483647;
			files = (
				71D2F9981E22EEED00EE97DA /* hopscotchProjectTests.swift in Sources */,
			);
			runOnlyForDeploymentPostprocessing = 0;
		};
/* End PBXSourcesBuildPhase section */

/* Begin PBXTargetDependency section */
		71D2F99B1E22EEED00EE97DA /* PBXTargetDependency */ = {
			isa = PBXTargetDependency;
			target = 71B074FF1E206F4500F192A5 /* hopscotchProject */;
			targetProxy = 71D2F99A1E22EEED00EE97DA /* PBXContainerItemProxy */;
		};
/* End PBXTargetDependency section */

/* Begin PBXVariantGroup section */
		71B075071E206F4500F192A5 /* Main.storyboard */ = {
			isa = PBXVariantGroup;
			children = (
				71B075081E206F4500F192A5 /* Base */,
			);
			name = Main.storyboard;
			sourceTree = "<group>";
		};
		71B0750F1E206F4500F192A5 /* LaunchScreen.storyboard */ = {
			isa = PBXVariantGroup;
			children = (
				71B075101E206F4500F192A5 /* Base */,
			);
			name = LaunchScreen.storyboard;
			sourceTree = "<group>";
		};
/* End PBXVariantGroup section */

/* Begin XCBuildConfiguration section */
		71B075131E206F4500F192A5 /* Debug */ = {
			isa = XCBuildConfiguration;
			buildSettings = {
				ALWAYS_SEARCH_USER_PATHS = NO;
				CLANG_ANALYZER_NONNULL = YES;
				CLANG_CXX_LANGUAGE_STANDARD = "gnu++0x";
				CLANG_CXX_LIBRARY = "libc++";
				CLANG_ENABLE_MODULES = YES;
				CLANG_ENABLE_OBJC_ARC = YES;
				CLANG_WARN_BOOL_CONVERSION = YES;
				CLANG_WARN_CONSTANT_CONVERSION = YES;
				CLANG_WARN_DIRECT_OBJC_ISA_USAGE = YES_ERROR;
				CLANG_WARN_DOCUMENTATION_COMMENTS = YES;
				CLANG_WARN_EMPTY_BODY = YES;
				CLANG_WARN_ENUM_CONVERSION = YES;
				CLANG_WARN_INFINITE_RECURSION = YES;
				CLANG_WARN_INT_CONVERSION = YES;
				CLANG_WARN_OBJC_ROOT_CLASS = YES_ERROR;
				CLANG_WARN_SUSPICIOUS_MOVE = YES;
				CLANG_WARN_UNREACHABLE_CODE = YES;
				CLANG_WARN__DUPLICATE_METHOD_MATCH = YES;
				"CODE_SIGN_IDENTITY[sdk=iphoneos*]" = "iPhone Developer";
				COPY_PHASE_STRIP = NO;
				DEBUG_INFORMATION_FORMAT = dwarf;
				ENABLE_STRICT_OBJC_MSGSEND = YES;
				ENABLE_TESTABILITY = YES;
				GCC_C_LANGUAGE_STANDARD = gnu99;
				GCC_DYNAMIC_NO_PIC = NO;
				GCC_NO_COMMON_BLOCKS = YES;
				GCC_OPTIMIZATION_LEVEL = 0;
				GCC_PREPROCESSOR_DEFINITIONS = (
					"DEBUG=1",
					"$(inherited)",
				);
				GCC_WARN_64_TO_32_BIT_CONVERSION = YES;
				GCC_WARN_ABOUT_RETURN_TYPE = YES_ERROR;
				GCC_WARN_UNDECLARED_SELECTOR = YES;
				GCC_WARN_UNINITIALIZED_AUTOS = YES_AGGRESSIVE;
				GCC_WARN_UNUSED_FUNCTION = YES;
				GCC_WARN_UNUSED_VARIABLE = YES;
				IPHONEOS_DEPLOYMENT_TARGET = 10.2;
				MTL_ENABLE_DEBUG_INFO = YES;
				ONLY_ACTIVE_ARCH = YES;
				SDKROOT = iphoneos;
				SWIFT_ACTIVE_COMPILATION_CONDITIONS = DEBUG;
				SWIFT_OPTIMIZATION_LEVEL = "-Onone";
				TARGETED_DEVICE_FAMILY = "1,2";
			};
			name = Debug;
		};
		71B075141E206F4500F192A5 /* Release */ = {
			isa = XCBuildConfiguration;
			buildSettings = {
				ALWAYS_SEARCH_USER_PATHS = NO;
				CLANG_ANALYZER_NONNULL = YES;
				CLANG_CXX_LANGUAGE_STANDARD = "gnu++0x";
				CLANG_CXX_LIBRARY = "libc++";
				CLANG_ENABLE_MODULES = YES;
				CLANG_ENABLE_OBJC_ARC = YES;
				CLANG_WARN_BOOL_CONVERSION = YES;
				CLANG_WARN_CONSTANT_CONVERSION = YES;
				CLANG_WARN_DIRECT_OBJC_ISA_USAGE = YES_ERROR;
				CLANG_WARN_DOCUMENTATION_COMMENTS = YES;
				CLANG_WARN_EMPTY_BODY = YES;
				CLANG_WARN_ENUM_CONVERSION = YES;
				CLANG_WARN_INFINITE_RECURSION = YES;
				CLANG_WARN_INT_CONVERSION = YES;
				CLANG_WARN_OBJC_ROOT_CLASS = YES_ERROR;
				CLANG_WARN_SUSPICIOUS_MOVE = YES;
				CLANG_WARN_UNREACHABLE_CODE = YES;
				CLANG_WARN__DUPLICATE_METHOD_MATCH = YES;
				"CODE_SIGN_IDENTITY[sdk=iphoneos*]" = "iPhone Developer";
				COPY_PHASE_STRIP = NO;
				DEBUG_INFORMATION_FORMAT = "dwarf-with-dsym";
				ENABLE_NS_ASSERTIONS = NO;
				ENABLE_STRICT_OBJC_MSGSEND = YES;
				GCC_C_LANGUAGE_STANDARD = gnu99;
				GCC_NO_COMMON_BLOCKS = YES;
				GCC_WARN_64_TO_32_BIT_CONVERSION = YES;
				GCC_WARN_ABOUT_RETURN_TYPE = YES_ERROR;
				GCC_WARN_UNDECLARED_SELECTOR = YES;
				GCC_WARN_UNINITIALIZED_AUTOS = YES_AGGRESSIVE;
				GCC_WARN_UNUSED_FUNCTION = YES;
				GCC_WARN_UNUSED_VARIABLE = YES;
				IPHONEOS_DEPLOYMENT_TARGET = 10.2;
				MTL_ENABLE_DEBUG_INFO = NO;
				SDKROOT = iphoneos;
				SWIFT_OPTIMIZATION_LEVEL = "-Owholemodule";
				TARGETED_DEVICE_FAMILY = "1,2";
				VALIDATE_PRODUCT = YES;
			};
			name = Release;
		};
		71B075161E206F4500F192A5 /* Debug */ = {
			isa = XCBuildConfiguration;
			baseConfigurationReference = B4B110770A770FA84CE8775A /* Pods-hopscotchProject.debug.xcconfig */;
			buildSettings = {
				ASSETCATALOG_COMPILER_APPICON_NAME = AppIcon;
				INFOPLIST_FILE = hopscotchProject/Info.plist;
				LD_RUNPATH_SEARCH_PATHS = "$(inherited) @executable_path/Frameworks";
				PRODUCT_BUNDLE_IDENTIFIER = Flatiron.hopscotchProject;
				PRODUCT_NAME = "$(TARGET_NAME)";
				SWIFT_VERSION = 3.0;
			};
			name = Debug;
		};
		71B075171E206F4500F192A5 /* Release */ = {
			isa = XCBuildConfiguration;
			baseConfigurationReference = B5AD9CD1A5048C96F637B85A /* Pods-hopscotchProject.release.xcconfig */;
			buildSettings = {
				ASSETCATALOG_COMPILER_APPICON_NAME = AppIcon;
				INFOPLIST_FILE = hopscotchProject/Info.plist;
				LD_RUNPATH_SEARCH_PATHS = "$(inherited) @executable_path/Frameworks";
				PRODUCT_BUNDLE_IDENTIFIER = Flatiron.hopscotchProject;
				PRODUCT_NAME = "$(TARGET_NAME)";
				SWIFT_VERSION = 3.0;
			};
			name = Release;
		};
		71D2F99C1E22EEED00EE97DA /* Debug */ = {
			isa = XCBuildConfiguration;
			buildSettings = {
				BUNDLE_LOADER = "$(TEST_HOST)";
				INFOPLIST_FILE = hopscotchProjectTests/Info.plist;
				LD_RUNPATH_SEARCH_PATHS = "$(inherited) @executable_path/Frameworks @loader_path/Frameworks";
				PRODUCT_BUNDLE_IDENTIFIER = Flatiron.hopscotchProjectTests;
				PRODUCT_NAME = "$(TARGET_NAME)";
				SWIFT_VERSION = 3.0;
				TEST_HOST = "$(BUILT_PRODUCTS_DIR)/hopscotchProject.app/hopscotchProject";
			};
			name = Debug;
		};
		71D2F99D1E22EEED00EE97DA /* Release */ = {
			isa = XCBuildConfiguration;
			buildSettings = {
				BUNDLE_LOADER = "$(TEST_HOST)";
				INFOPLIST_FILE = hopscotchProjectTests/Info.plist;
				LD_RUNPATH_SEARCH_PATHS = "$(inherited) @executable_path/Frameworks @loader_path/Frameworks";
				PRODUCT_BUNDLE_IDENTIFIER = Flatiron.hopscotchProjectTests;
				PRODUCT_NAME = "$(TARGET_NAME)";
				SWIFT_VERSION = 3.0;
				TEST_HOST = "$(BUILT_PRODUCTS_DIR)/hopscotchProject.app/hopscotchProject";
			};
			name = Release;
		};
/* End XCBuildConfiguration section */

/* Begin XCConfigurationList section */
		71B074FB1E206F4500F192A5 /* Build configuration list for PBXProject "hopscotchProject" */ = {
			isa = XCConfigurationList;
			buildConfigurations = (
				71B075131E206F4500F192A5 /* Debug */,
				71B075141E206F4500F192A5 /* Release */,
			);
			defaultConfigurationIsVisible = 0;
			defaultConfigurationName = Release;
		};
		71B075151E206F4500F192A5 /* Build configuration list for PBXNativeTarget "hopscotchProject" */ = {
			isa = XCConfigurationList;
			buildConfigurations = (
				71B075161E206F4500F192A5 /* Debug */,
				71B075171E206F4500F192A5 /* Release */,
			);
			defaultConfigurationIsVisible = 0;
			defaultConfigurationName = Release;
		};
		71D2F99E1E22EEED00EE97DA /* Build configuration list for PBXNativeTarget "hopscotchProjectTests" */ = {
			isa = XCConfigurationList;
			buildConfigurations = (
				71D2F99C1E22EEED00EE97DA /* Debug */,
				71D2F99D1E22EEED00EE97DA /* Release */,
			);
			defaultConfigurationIsVisible = 0;
		};
/* End XCConfigurationList section */

/* Begin XCVersionGroup section */
		71B0750A1E206F4500F192A5 /* hopscotchProject.xcdatamodeld */ = {
			isa = XCVersionGroup;
			children = (
				71B0750B1E206F4500F192A5 /* hopscotchProject.xcdatamodel */,
			);
			currentVersion = 71B0750B1E206F4500F192A5 /* hopscotchProject.xcdatamodel */;
			path = hopscotchProject.xcdatamodeld;
			sourceTree = "<group>";
			versionGroupType = wrapper.xcdatamodel;
		};
/* End XCVersionGroup section */
	};
	rootObject = 71B074F81E206F4500F192A5 /* Project object */;
}
